
Microsoft Visual Studio Solution File, Format Version 12.00
# Visual Studio Version 16
VisualStudioVersion = 16.0.28922.388
MinimumVisualStudioVersion = 10.0.40219.1
Project("{FAE04EC0-301F-11D3-BF4B-00C04F79EFBC}") = "ParkSquare.BuildScreen.Web", "ParkSquare.BuildScreen.Web\ParkSquare.BuildScreen.Web.csproj", "{162F0C57-0D3C-4C85-9FA6-E78EC780365B}"
EndProject
Project("{FAE04EC0-301F-11D3-BF4B-00C04F79EFBC}") = "ParkSquare.BuildScreen.Core", "ParkSquare.BuildScreen.Core\ParkSquare.BuildScreen.Core.csproj", "{0B712711-DD70-43E8-AE87-92CE662B97B5}"
EndProject
Global
	GlobalSection(SolutionConfigurationPlatforms) = preSolution
		Debug|Any CPU = Debug|Any CPU
		Release|Any CPU = Release|Any CPU
	EndGlobalSection
	GlobalSection(ProjectConfigurationPlatforms) = postSolution
		{162F0C57-0D3C-4C85-9FA6-E78EC780365B}.Debug|Any CPU.ActiveCfg = Debug|Any CPU
		{162F0C57-0D3C-4C85-9FA6-E78EC780365B}.Debug|Any CPU.Build.0 = Debug|Any CPU
		{162F0C57-0D3C-4C85-9FA6-E78EC780365B}.Release|Any CPU.ActiveCfg = Release|Any CPU
		{162F0C57-0D3C-4C85-9FA6-E78EC780365B}.Release|Any CPU.Build.0 = Release|Any CPU
		{0B712711-DD70-43E8-AE87-92CE662B97B5}.Debug|Any CPU.ActiveCfg = Debug|Any CPU
		{0B712711-DD70-43E8-AE87-92CE662B97B5}.Debug|Any CPU.Build.0 = Debug|Any CPU
		{0B712711-DD70-43E8-AE87-92CE662B97B5}.Release|Any CPU.ActiveCfg = Release|Any CPU
		{0B712711-DD70-43E8-AE87-92CE662B97B5}.Release|Any CPU.Build.0 = Release|Any CPU
	EndGlobalSection
	GlobalSection(SolutionProperties) = preSolution
		HideSolutionNode = FALSE
	EndGlobalSection
	GlobalSection(ExtensibilityGlobals) = postSolution
		SolutionGuid = {1E669561-0EE6-4810-B54C-C7E671CE469D}
	EndGlobalSection
EndGlobal
